
Microsoft Visual Studio Solution File, Format Version 12.00
# Visual Studio Version 16
VisualStudioVersion = 16.0.28902.138
MinimumVisualStudioVersion = 10.0.40219.1
Project("{2150E333-8FDC-42A3-9474-1A3956D46DE8}") = "scripts", "scripts", "{041A6CB8-31D8-484A-B678-89DB2C120E23}"
	ProjectSection(SolutionItems) = preProject
		scripts\git-clone-all.sh = scripts\git-clone-all.sh
	EndProjectSection
EndProject
Project("{2150E333-8FDC-42A3-9474-1A3956D46DE8}") = "compose", "compose", "{24E94928-D6D3-4FC0-B564-A50F5DA9749A}"
	ProjectSection(SolutionItems) = preProject
		compose\docker-compose.yml = compose\docker-compose.yml
		compose\infastructure\mssql-rabbitmq.yml = compose\infastructure\mssql-rabbitmq.yml
		compose\protainer-docker-compose.yml = compose\protainer-docker-compose.yml
	EndProjectSection
EndProject
Project("{2150E333-8FDC-42A3-9474-1A3956D46DE8}") = "src", "src", "{490D5A06-F6BA-4941-8A2A-D7A3E005D685}"
EndProject
Project("{2150E333-8FDC-42A3-9474-1A3956D46DE8}") = "services", "services", "{9A770C01-20E3-42AD-B56B-57331E1FE0EE}"
EndProject
Project("{2150E333-8FDC-42A3-9474-1A3956D46DE8}") = "CustomerManagement", "CustomerManagement", "{2A5AECDE-2267-4B3B-8AE7-8C86E38F21E5}"
EndProject
Project("{2150E333-8FDC-42A3-9474-1A3956D46DE8}") = "scripts", "scripts", "{A531EF62-149A-4F9D-9031-75E6EB6DDE7F}"
	ProjectSection(SolutionItems) = preProject
		..\Pitstop-CustomerManagement\Pitstop-CustomerManagement\.travis.yml = ..\Pitstop-CustomerManagement\Pitstop-CustomerManagement\.travis.yml
		..\Pitstop-CustomerManagement\Pitstop-CustomerManagement\scripts\docker-build-local.sh = ..\Pitstop-CustomerManagement\Pitstop-CustomerManagement\scripts\docker-build-local.sh
		..\Pitstop-CustomerManagement\Pitstop-CustomerManagement\scripts\docker-publish.sh = ..\Pitstop-CustomerManagement\Pitstop-CustomerManagement\scripts\docker-publish.sh
		..\Pitstop-CustomerManagement\Pitstop-CustomerManagement\scripts\dotnet-build-local.sh = ..\Pitstop-CustomerManagement\Pitstop-CustomerManagement\scripts\dotnet-build-local.sh
		..\Pitstop-CustomerManagement\Pitstop-CustomerManagement\scripts\dotnet-build.sh = ..\Pitstop-CustomerManagement\Pitstop-CustomerManagement\scripts\dotnet-build.sh
		..\Pitstop-CustomerManagement\Pitstop-CustomerManagement\scripts\dotnet-publish.sh = ..\Pitstop-CustomerManagement\Pitstop-CustomerManagement\scripts\dotnet-publish.sh
		..\Pitstop-CustomerManagement\Pitstop-CustomerManagement\pod.yml = ..\Pitstop-CustomerManagement\Pitstop-CustomerManagement\pod.yml
	EndProjectSection
EndProject
Project("{2150E333-8FDC-42A3-9474-1A3956D46DE8}") = "src", "src", "{E9B0C4EC-7EE1-4F04-9E46-8111B93D269E}"
EndProject
Project("{2150E333-8FDC-42A3-9474-1A3956D46DE8}") = "tests", "tests", "{B0A13D4F-6324-49A4-94B2-2F3867B84688}"
EndProject
Project("{2150E333-8FDC-42A3-9474-1A3956D46DE8}") = "Application", "Application", "{5279F2B1-D276-4C32-8D1D-5C2DF0A65D7A}"
EndProject
Project("{9A19103F-16F7-4668-BE54-9A1E7A4F7556}") = "Accoon.Pitshop.CustomerApi.Application", "..\Pitstop-CustomerManagement\Pitstop-CustomerManagement\src\Pitshop.CustomerApi\Accoon.Pitshop.CustomerApi.Application\Accoon.Pitshop.CustomerApi.Application.csproj", "{277E1BC9-B2A8-4AB1-9E1F-D3B3A6F49F7F}"
EndProject
Project("{2150E333-8FDC-42A3-9474-1A3956D46DE8}") = "Presenter", "Presenter", "{81609441-4AB1-48E4-8217-019B73B5F08C}"
EndProject
Project("{9A19103F-16F7-4668-BE54-9A1E7A4F7556}") = "Accoon.Pitshop.CustomerApi.Presenter", "..\Pitstop-CustomerManagement\Pitstop-CustomerManagement\src\Pitshop.CustomerApi\Accoon.Pitshop.CustomerApi.Presenter\Accoon.Pitshop.CustomerApi.Presenter.csproj", "{595489CB-1DD7-420E-8B2F-7EC24992C3E0}"
EndProject
Project("{2150E333-8FDC-42A3-9474-1A3956D46DE8}") = "Domain", "Domain", "{B747CC1A-0F15-45EE-ABF2-0FB777BC6A75}"
EndProject
Project("{9A19103F-16F7-4668-BE54-9A1E7A4F7556}") = "Accoon.Pitshop.CustomerApi.Domain", "..\Pitstop-CustomerManagement\Pitstop-CustomerManagement\src\Pitshop.CustomerApi\Accoon.Pitshop.CustomerApi.Domain\Accoon.Pitshop.CustomerApi.Domain.csproj", "{7AEC939E-3B9D-4C2E-B1EE-2B1D7995178A}"
EndProject
Project("{2150E333-8FDC-42A3-9474-1A3956D46DE8}") = "Infastructure", "Infastructure", "{06ED3EBE-DBDB-4870-8E4E-2D3FBEB2FA4A}"
EndProject
Project("{9A19103F-16F7-4668-BE54-9A1E7A4F7556}") = "Accoon.Pitshop.CustomerApi.Infastructure", "..\Pitstop-CustomerManagement\Pitstop-CustomerManagement\src\Pitshop.CustomerApi\Accoon.Pitshop.CustomerApi.Infastructure\Accoon.Pitshop.CustomerApi.Infastructure.csproj", "{CEDB6FFE-2C00-4053-AA40-9B629D352189}"
EndProject
Project("{2150E333-8FDC-42A3-9474-1A3956D46DE8}") = "Persistence", "Persistence", "{688EFDC8-5629-4D7F-9653-DB490CBB3B71}"
EndProject
Project("{9A19103F-16F7-4668-BE54-9A1E7A4F7556}") = "Accoon.Pitshop.CustomerApi.Persistence", "..\Pitstop-CustomerManagement\Pitstop-CustomerManagement\src\Pitshop.CustomerApi\Accoon.Pitshop.CustomerApi.Persistence\Accoon.Pitshop.CustomerApi.Persistence.csproj", "{ABB62996-59FB-43DF-9672-251892BB00F5}"
EndProject
Project("{2150E333-8FDC-42A3-9474-1A3956D46DE8}") = "VehicleManagement", "VehicleManagement", "{A96715B0-D878-4917-B490-3AE13EC77C4F}"
EndProject
Project("{2150E333-8FDC-42A3-9474-1A3956D46DE8}") = "src", "src", "{1C8812B9-EFE6-4408-B811-11A82B59240A}"
EndProject
Project("{2150E333-8FDC-42A3-9474-1A3956D46DE8}") = "test", "test", "{06E8073E-6A85-4368-9FB1-43EADE8B9258}"
EndProject
Project("{2150E333-8FDC-42A3-9474-1A3956D46DE8}") = "scripts", "scripts", "{EA6A94EC-20BF-481C-B18F-BA9AD7021746}"
	ProjectSection(SolutionItems) = preProject
		..\Pitstop-VehicleManagement\Pitstop-VehicleManagement\.travis.yml = ..\Pitstop-VehicleManagement\Pitstop-VehicleManagement\.travis.yml
		..\Pitstop-VehicleManagement\Pitstop-VehicleManagement\scripts\docker-build-local.sh = ..\Pitstop-VehicleManagement\Pitstop-VehicleManagement\scripts\docker-build-local.sh
		..\Pitstop-VehicleManagement\Pitstop-VehicleManagement\scripts\docker-publish.sh = ..\Pitstop-VehicleManagement\Pitstop-VehicleManagement\scripts\docker-publish.sh
		..\Pitstop-VehicleManagement\Pitstop-VehicleManagement\scripts\dotnet-build-local.sh = ..\Pitstop-VehicleManagement\Pitstop-VehicleManagement\scripts\dotnet-build-local.sh
		..\Pitstop-VehicleManagement\Pitstop-VehicleManagement\scripts\dotnet-build.sh = ..\Pitstop-VehicleManagement\Pitstop-VehicleManagement\scripts\dotnet-build.sh
		..\Pitstop-VehicleManagement\Pitstop-VehicleManagement\scripts\dotnet-publish.sh = ..\Pitstop-VehicleManagement\Pitstop-VehicleManagement\scripts\dotnet-publish.sh
	EndProjectSection
EndProject
Project("{2150E333-8FDC-42A3-9474-1A3956D46DE8}") = "Application", "Application", "{6D65F710-ABA6-4080-B604-B16689E5F9DA}"
EndProject
Project("{9A19103F-16F7-4668-BE54-9A1E7A4F7556}") = "Accoon.Pitshop.VehicleApi.Application", "..\Pitstop-VehicleManagement\Pitstop-VehicleManagement\src\Pitshop.VehicleApi\Accoon.Pitshop.VehicleApi.Application\Accoon.Pitshop.VehicleApi.Application.csproj", "{51969801-C304-4BF6-BB47-464FB484F4F7}"
EndProject
Project("{2150E333-8FDC-42A3-9474-1A3956D46DE8}") = "Presenter", "Presenter", "{8187D723-912A-4DAC-A91E-E80758DEE109}"
EndProject
Project("{9A19103F-16F7-4668-BE54-9A1E7A4F7556}") = "Accoon.Pitshop.VehicleApi.Presenter", "..\Pitstop-VehicleManagement\Pitstop-VehicleManagement\src\Pitshop.VehicleApi\Accoon.Pitshop.VehicleApi.Presenter\Accoon.Pitshop.VehicleApi.Presenter.csproj", "{F97E8C00-C543-4245-A7EE-706F33E1B2F1}"
EndProject
Project("{2150E333-8FDC-42A3-9474-1A3956D46DE8}") = "Domain", "Domain", "{565D5733-FC66-4635-B085-73D8F78599FA}"
EndProject
Project("{9A19103F-16F7-4668-BE54-9A1E7A4F7556}") = "Accoon.Pitshop.VehicleApi.Domain", "..\Pitstop-VehicleManagement\Pitstop-VehicleManagement\src\Pitshop.VehicleApi\Accoon.Pitshop.VehicleApi.Domain\Accoon.Pitshop.VehicleApi.Domain.csproj", "{9867D1B9-3FC0-44AA-9083-FE068D4E7CE8}"
EndProject
Project("{2150E333-8FDC-42A3-9474-1A3956D46DE8}") = "Infastructure", "Infastructure", "{8268AE8B-6523-428C-8CCC-7C3745A1531C}"
EndProject
Project("{9A19103F-16F7-4668-BE54-9A1E7A4F7556}") = "Accoon.Pitshop.VehicleApi.Infastructure", "..\Pitstop-VehicleManagement\Pitstop-VehicleManagement\src\Pitshop.VehicleApi\Accoon.Pitshop.VehicleApi.Infastructure\Accoon.Pitshop.VehicleApi.Infastructure.csproj", "{28A973D9-101A-4D71-BC45-972129AB1BD2}"
EndProject
Project("{2150E333-8FDC-42A3-9474-1A3956D46DE8}") = "Persistence", "Persistence", "{660CC091-334A-484F-AF04-1066D56F4897}"
EndProject
Project("{9A19103F-16F7-4668-BE54-9A1E7A4F7556}") = "Accoon.Pitshop.VehicleApi.Persistence", "..\Pitstop-VehicleManagement\Pitstop-VehicleManagement\src\Pitshop.VehicleApi\Accoon.Pitshop.VehicleApi.Persistence\Accoon.Pitshop.VehicleApi.Persistence.csproj", "{445C1150-EFEE-49D6-903A-441A1B01CBA1}"
EndProject
Project("{2150E333-8FDC-42A3-9474-1A3956D46DE8}") = "ApiGateway", "ApiGateway", "{4196D026-018B-420C-A653-0ED8E8B1743B}"
EndProject
Project("{2150E333-8FDC-42A3-9474-1A3956D46DE8}") = "BaseApiGateway", "BaseApiGateway", "{D90C206D-0492-4DF7-9CD3-26D15636C9AF}"
EndProject
Project("{2150E333-8FDC-42A3-9474-1A3956D46DE8}") = "src", "src", "{25FC06A3-DCA5-498C-8A06-73258D6FAA71}"
EndProject
Project("{2150E333-8FDC-42A3-9474-1A3956D46DE8}") = "test", "test", "{D6ACD3EF-6D30-442B-BBEF-5E8117EE2BEF}"
EndProject
Project("{2150E333-8FDC-42A3-9474-1A3956D46DE8}") = "scripts", "scripts", "{08A69D66-B751-4C9E-AD5E-7FB57E66A3E7}"
	ProjectSection(SolutionItems) = preProject
		..\Pitstop.ApiGateway\.travis.yml = ..\Pitstop.ApiGateway\.travis.yml
		..\Pitstop.ApiGateway\scripts\docker-build-local.sh = ..\Pitstop.ApiGateway\scripts\docker-build-local.sh
		..\Pitstop.ApiGateway\scripts\docker-publish.sh = ..\Pitstop.ApiGateway\scripts\docker-publish.sh
		..\Pitstop.ApiGateway\scripts\dotnet-build-local.sh = ..\Pitstop.ApiGateway\scripts\dotnet-build-local.sh
		..\Pitstop.ApiGateway\scripts\dotnet-build.sh = ..\Pitstop.ApiGateway\scripts\dotnet-build.sh
		..\Pitstop.ApiGateway\scripts\dotnet-publish.sh = ..\Pitstop.ApiGateway\scripts\dotnet-publish.sh
	EndProjectSection
EndProject
Project("{9A19103F-16F7-4668-BE54-9A1E7A4F7556}") = "Pitstop.ApiGateway", "..\Pitstop.ApiGateway\src\Pitstop.ApiGateway\Pitstop.ApiGateway.csproj", "{034D132B-2E0A-40F1-9985-6C59D19376BA}"
EndProject
Global
	GlobalSection(SolutionConfigurationPlatforms) = preSolution
		Debug|Any CPU = Debug|Any CPU
		Release|Any CPU = Release|Any CPU
	EndGlobalSection
	GlobalSection(ProjectConfigurationPlatforms) = postSolution
		{277E1BC9-B2A8-4AB1-9E1F-D3B3A6F49F7F}.Debug|Any CPU.ActiveCfg = Debug|Any CPU
		{277E1BC9-B2A8-4AB1-9E1F-D3B3A6F49F7F}.Debug|Any CPU.Build.0 = Debug|Any CPU
		{277E1BC9-B2A8-4AB1-9E1F-D3B3A6F49F7F}.Release|Any CPU.ActiveCfg = Release|Any CPU
		{277E1BC9-B2A8-4AB1-9E1F-D3B3A6F49F7F}.Release|Any CPU.Build.0 = Release|Any CPU
		{595489CB-1DD7-420E-8B2F-7EC24992C3E0}.Debug|Any CPU.ActiveCfg = Debug|Any CPU
		{595489CB-1DD7-420E-8B2F-7EC24992C3E0}.Debug|Any CPU.Build.0 = Debug|Any CPU
		{595489CB-1DD7-420E-8B2F-7EC24992C3E0}.Release|Any CPU.ActiveCfg = Release|Any CPU
		{595489CB-1DD7-420E-8B2F-7EC24992C3E0}.Release|Any CPU.Build.0 = Release|Any CPU
		{7AEC939E-3B9D-4C2E-B1EE-2B1D7995178A}.Debug|Any CPU.ActiveCfg = Debug|Any CPU
		{7AEC939E-3B9D-4C2E-B1EE-2B1D7995178A}.Debug|Any CPU.Build.0 = Debug|Any CPU
		{7AEC939E-3B9D-4C2E-B1EE-2B1D7995178A}.Release|Any CPU.ActiveCfg = Release|Any CPU
		{7AEC939E-3B9D-4C2E-B1EE-2B1D7995178A}.Release|Any CPU.Build.0 = Release|Any CPU
		{CEDB6FFE-2C00-4053-AA40-9B629D352189}.Debug|Any CPU.ActiveCfg = Debug|Any CPU
		{CEDB6FFE-2C00-4053-AA40-9B629D352189}.Debug|Any CPU.Build.0 = Debug|Any CPU
		{CEDB6FFE-2C00-4053-AA40-9B629D352189}.Release|Any CPU.ActiveCfg = Release|Any CPU
		{CEDB6FFE-2C00-4053-AA40-9B629D352189}.Release|Any CPU.Build.0 = Release|Any CPU
		{ABB62996-59FB-43DF-9672-251892BB00F5}.Debug|Any CPU.ActiveCfg = Debug|Any CPU
		{ABB62996-59FB-43DF-9672-251892BB00F5}.Debug|Any CPU.Build.0 = Debug|Any CPU
		{ABB62996-59FB-43DF-9672-251892BB00F5}.Release|Any CPU.ActiveCfg = Release|Any CPU
		{ABB62996-59FB-43DF-9672-251892BB00F5}.Release|Any CPU.Build.0 = Release|Any CPU
		{51969801-C304-4BF6-BB47-464FB484F4F7}.Debug|Any CPU.ActiveCfg = Debug|Any CPU
		{51969801-C304-4BF6-BB47-464FB484F4F7}.Debug|Any CPU.Build.0 = Debug|Any CPU
		{51969801-C304-4BF6-BB47-464FB484F4F7}.Release|Any CPU.ActiveCfg = Release|Any CPU
		{51969801-C304-4BF6-BB47-464FB484F4F7}.Release|Any CPU.Build.0 = Release|Any CPU
		{F97E8C00-C543-4245-A7EE-706F33E1B2F1}.Debug|Any CPU.ActiveCfg = Debug|Any CPU
		{F97E8C00-C543-4245-A7EE-706F33E1B2F1}.Debug|Any CPU.Build.0 = Debug|Any CPU
		{F97E8C00-C543-4245-A7EE-706F33E1B2F1}.Release|Any CPU.ActiveCfg = Release|Any CPU
		{F97E8C00-C543-4245-A7EE-706F33E1B2F1}.Release|Any CPU.Build.0 = Release|Any CPU
		{9867D1B9-3FC0-44AA-9083-FE068D4E7CE8}.Debug|Any CPU.ActiveCfg = Debug|Any CPU
		{9867D1B9-3FC0-44AA-9083-FE068D4E7CE8}.Debug|Any CPU.Build.0 = Debug|Any CPU
		{9867D1B9-3FC0-44AA-9083-FE068D4E7CE8}.Release|Any CPU.ActiveCfg = Release|Any CPU
		{9867D1B9-3FC0-44AA-9083-FE068D4E7CE8}.Release|Any CPU.Build.0 = Release|Any CPU
		{28A973D9-101A-4D71-BC45-972129AB1BD2}.Debug|Any CPU.ActiveCfg = Debug|Any CPU
		{28A973D9-101A-4D71-BC45-972129AB1BD2}.Debug|Any CPU.Build.0 = Debug|Any CPU
		{28A973D9-101A-4D71-BC45-972129AB1BD2}.Release|Any CPU.ActiveCfg = Release|Any CPU
		{28A973D9-101A-4D71-BC45-972129AB1BD2}.Release|Any CPU.Build.0 = Release|Any CPU
		{445C1150-EFEE-49D6-903A-441A1B01CBA1}.Debug|Any CPU.ActiveCfg = Debug|Any CPU
		{445C1150-EFEE-49D6-903A-441A1B01CBA1}.Debug|Any CPU.Build.0 = Debug|Any CPU
		{445C1150-EFEE-49D6-903A-441A1B01CBA1}.Release|Any CPU.ActiveCfg = Release|Any CPU
		{445C1150-EFEE-49D6-903A-441A1B01CBA1}.Release|Any CPU.Build.0 = Release|Any CPU
		{034D132B-2E0A-40F1-9985-6C59D19376BA}.Debug|Any CPU.ActiveCfg = Debug|Any CPU
		{034D132B-2E0A-40F1-9985-6C59D19376BA}.Debug|Any CPU.Build.0 = Debug|Any CPU
		{034D132B-2E0A-40F1-9985-6C59D19376BA}.Release|Any CPU.ActiveCfg = Release|Any CPU
		{034D132B-2E0A-40F1-9985-6C59D19376BA}.Release|Any CPU.Build.0 = Release|Any CPU
	EndGlobalSection
	GlobalSection(SolutionProperties) = preSolution
		HideSolutionNode = FALSE
	EndGlobalSection
	GlobalSection(NestedProjects) = preSolution
		{9A770C01-20E3-42AD-B56B-57331E1FE0EE} = {490D5A06-F6BA-4941-8A2A-D7A3E005D685}
		{2A5AECDE-2267-4B3B-8AE7-8C86E38F21E5} = {9A770C01-20E3-42AD-B56B-57331E1FE0EE}
		{A531EF62-149A-4F9D-9031-75E6EB6DDE7F} = {2A5AECDE-2267-4B3B-8AE7-8C86E38F21E5}
		{E9B0C4EC-7EE1-4F04-9E46-8111B93D269E} = {2A5AECDE-2267-4B3B-8AE7-8C86E38F21E5}
		{B0A13D4F-6324-49A4-94B2-2F3867B84688} = {2A5AECDE-2267-4B3B-8AE7-8C86E38F21E5}
		{5279F2B1-D276-4C32-8D1D-5C2DF0A65D7A} = {E9B0C4EC-7EE1-4F04-9E46-8111B93D269E}
		{277E1BC9-B2A8-4AB1-9E1F-D3B3A6F49F7F} = {5279F2B1-D276-4C32-8D1D-5C2DF0A65D7A}
		{81609441-4AB1-48E4-8217-019B73B5F08C} = {E9B0C4EC-7EE1-4F04-9E46-8111B93D269E}
		{595489CB-1DD7-420E-8B2F-7EC24992C3E0} = {81609441-4AB1-48E4-8217-019B73B5F08C}
		{B747CC1A-0F15-45EE-ABF2-0FB777BC6A75} = {E9B0C4EC-7EE1-4F04-9E46-8111B93D269E}
		{7AEC939E-3B9D-4C2E-B1EE-2B1D7995178A} = {B747CC1A-0F15-45EE-ABF2-0FB777BC6A75}
		{06ED3EBE-DBDB-4870-8E4E-2D3FBEB2FA4A} = {E9B0C4EC-7EE1-4F04-9E46-8111B93D269E}
		{CEDB6FFE-2C00-4053-AA40-9B629D352189} = {06ED3EBE-DBDB-4870-8E4E-2D3FBEB2FA4A}
		{688EFDC8-5629-4D7F-9653-DB490CBB3B71} = {E9B0C4EC-7EE1-4F04-9E46-8111B93D269E}
		{ABB62996-59FB-43DF-9672-251892BB00F5} = {688EFDC8-5629-4D7F-9653-DB490CBB3B71}
		{A96715B0-D878-4917-B490-3AE13EC77C4F} = {9A770C01-20E3-42AD-B56B-57331E1FE0EE}
		{1C8812B9-EFE6-4408-B811-11A82B59240A} = {A96715B0-D878-4917-B490-3AE13EC77C4F}
		{06E8073E-6A85-4368-9FB1-43EADE8B9258} = {A96715B0-D878-4917-B490-3AE13EC77C4F}
		{EA6A94EC-20BF-481C-B18F-BA9AD7021746} = {A96715B0-D878-4917-B490-3AE13EC77C4F}
		{6D65F710-ABA6-4080-B604-B16689E5F9DA} = {1C8812B9-EFE6-4408-B811-11A82B59240A}
		{51969801-C304-4BF6-BB47-464FB484F4F7} = {6D65F710-ABA6-4080-B604-B16689E5F9DA}
		{8187D723-912A-4DAC-A91E-E80758DEE109} = {1C8812B9-EFE6-4408-B811-11A82B59240A}
		{F97E8C00-C543-4245-A7EE-706F33E1B2F1} = {8187D723-912A-4DAC-A91E-E80758DEE109}
		{565D5733-FC66-4635-B085-73D8F78599FA} = {1C8812B9-EFE6-4408-B811-11A82B59240A}
		{9867D1B9-3FC0-44AA-9083-FE068D4E7CE8} = {565D5733-FC66-4635-B085-73D8F78599FA}
		{8268AE8B-6523-428C-8CCC-7C3745A1531C} = {1C8812B9-EFE6-4408-B811-11A82B59240A}
		{28A973D9-101A-4D71-BC45-972129AB1BD2} = {8268AE8B-6523-428C-8CCC-7C3745A1531C}
		{660CC091-334A-484F-AF04-1066D56F4897} = {1C8812B9-EFE6-4408-B811-11A82B59240A}
		{445C1150-EFEE-49D6-903A-441A1B01CBA1} = {660CC091-334A-484F-AF04-1066D56F4897}
		{4196D026-018B-420C-A653-0ED8E8B1743B} = {490D5A06-F6BA-4941-8A2A-D7A3E005D685}
		{D90C206D-0492-4DF7-9CD3-26D15636C9AF} = {4196D026-018B-420C-A653-0ED8E8B1743B}
		{25FC06A3-DCA5-498C-8A06-73258D6FAA71} = {D90C206D-0492-4DF7-9CD3-26D15636C9AF}
		{D6ACD3EF-6D30-442B-BBEF-5E8117EE2BEF} = {D90C206D-0492-4DF7-9CD3-26D15636C9AF}
		{08A69D66-B751-4C9E-AD5E-7FB57E66A3E7} = {D90C206D-0492-4DF7-9CD3-26D15636C9AF}
		{034D132B-2E0A-40F1-9985-6C59D19376BA} = {25FC06A3-DCA5-498C-8A06-73258D6FAA71}
	EndGlobalSection
	GlobalSection(ExtensibilityGlobals) = postSolution
		SolutionGuid = {BF56D5D5-65D8-44C9-BEA5-C83A4AA6C81C}
	EndGlobalSection
EndGlobal
